// !$*UTF8*$!
{
  archiveVersion = 1;
  classes = {};
  objectVersion = 56;
  objects = {

    7E1FBEDDFDFE4C2184034AC1 = {
      isa = PBXProject;
      attributes = {
        LastUpgradeCheck = 1300;
      };
      buildConfigurationList = 29A710A34EDF48F0AEF42DEA;
      compatibilityVersion = "Xcode 16.0";
      developmentRegion = en;
      hasScannedForEncodings = 0;
      knownRegions = (en);
      mainGroup = 7E1FBEDDFDFE4C2184034AC1G;
      targets = (88B48844F4674747A43D4046);
    };

    29A710A34EDF48F0AEF42DEA = {
      isa = XCConfigurationList;
      buildConfigurations = (5BF4591BFE704641B692ABE7, 7F21952CC9B04A1CB4FCEC7F);
      defaultConfigurationIsVisible = 0;
      defaultConfigurationName = Release;
    };

    5BF4591BFE704641B692ABE7 = {
      isa = XCBuildConfiguration;
      name = Debug;
      buildSettings = {
        PRODUCT_NAME = "MyApp";
      };
    };

    7F21952CC9B04A1CB4FCEC7F = {
      isa = XCBuildConfiguration;
      name = Release;
      buildSettings = {
        PRODUCT_NAME = "MyApp";
      };
    };

    88B48844F4674747A43D4046 = {
      isa = PBXNativeTarget;
      name = "MyApp";
      buildConfigurationList = 29A710A34EDF48F0AEF42DEA;
      buildPhases = ();
      buildRules = ();
      dependencies = ();
      productName = "MyApp";
      productType = "com.apple.product-type.application";
    };

    7E1FBEDDFDFE4C2184034AC1G = {
      isa = PBXGroup;
      children = ();
      sourceTree = "<group>";
    };
  };
  rootObject = 7E1FBEDDFDFE4C2184034AC1;
}